
Microsoft Visual Studio Solution File, Format Version 12.00
# Visual Studio Version 16
VisualStudioVersion = 16.0.30114.105
MinimumVisualStudioVersion = 10.0.40219.1
Project("{FAE04EC0-301F-11D3-BF4B-00C04F79EFBC}") = "Pelis_Media", "Pelis_Media\Pelis_Media.csproj", "{FDCF9207-8E2A-458B-827E-FBEA4E6EC62D}"
EndProject
Global
	GlobalSection(SolutionConfigurationPlatforms) = preSolution
		Debug|Any CPU = Debug|Any CPU
		Release|Any CPU = Release|Any CPU
	EndGlobalSection
	GlobalSection(ProjectConfigurationPlatforms) = postSolution
		{FDCF9207-8E2A-458B-827E-FBEA4E6EC62D}.Debug|Any CPU.ActiveCfg = Debug|Any CPU
		{FDCF9207-8E2A-458B-827E-FBEA4E6EC62D}.Debug|Any CPU.Build.0 = Debug|Any CPU
		{FDCF9207-8E2A-458B-827E-FBEA4E6EC62D}.Release|Any CPU.ActiveCfg = Release|Any CPU
		{FDCF9207-8E2A-458B-827E-FBEA4E6EC62D}.Release|Any CPU.Build.0 = Release|Any CPU
	EndGlobalSection
	GlobalSection(SolutionProperties) = preSolution
		HideSolutionNode = FALSE
	EndGlobalSection
	GlobalSection(ExtensibilityGlobals) = postSolution
		SolutionGuid = {12A3C9AC-8CBC-473F-A477-78CE49D9641A}
	EndGlobalSection
EndGlobal
